
Microsoft Visual Studio Solution File, Format Version 12.00
# Visual Studio Version 17
VisualStudioVersion = 17.14.36109.1 d17.14
MinimumVisualStudioVersion = 10.0.40219.1
Project("{FAE04EC0-301F-11D3-BF4B-00C04F79EFBC}") = "Desconecta", "Desconecta\Desconecta.csproj", "{8923B97F-CB75-42C3-ABC7-472767530A07}"
EndProject
Project("{FAE04EC0-301F-11D3-BF4B-00C04F79EFBC}") = "Desconecta.Application", "Desconecta.Application\Desconecta.Application.csproj", "{07B86BD8-E0F7-44D0-B4A1-57EEFE50C652}"
EndProject
Project("{FAE04EC0-301F-11D3-BF4B-00C04F79EFBC}") = "Desconecta.Repository", "Desconecta.Repository\Desconecta.Repository.csproj", "{C0424BAF-A586-4D9D-B628-ED5BCEB85583}"
EndProject
Global
	GlobalSection(SolutionConfigurationPlatforms) = preSolution
		Debug|Any CPU = Debug|Any CPU
		Release|Any CPU = Release|Any CPU
	EndGlobalSection
	GlobalSection(ProjectConfigurationPlatforms) = postSolution
		{8923B97F-CB75-42C3-ABC7-472767530A07}.Debug|Any CPU.ActiveCfg = Debug|Any CPU
		{8923B97F-CB75-42C3-ABC7-472767530A07}.Debug|Any CPU.Build.0 = Debug|Any CPU
		{8923B97F-CB75-42C3-ABC7-472767530A07}.Release|Any CPU.ActiveCfg = Release|Any CPU
		{8923B97F-CB75-42C3-ABC7-472767530A07}.Release|Any CPU.Build.0 = Release|Any CPU
		{07B86BD8-E0F7-44D0-B4A1-57EEFE50C652}.Debug|Any CPU.ActiveCfg = Debug|Any CPU
		{07B86BD8-E0F7-44D0-B4A1-57EEFE50C652}.Debug|Any CPU.Build.0 = Debug|Any CPU
		{07B86BD8-E0F7-44D0-B4A1-57EEFE50C652}.Release|Any CPU.ActiveCfg = Release|Any CPU
		{07B86BD8-E0F7-44D0-B4A1-57EEFE50C652}.Release|Any CPU.Build.0 = Release|Any CPU
		{C0424BAF-A586-4D9D-B628-ED5BCEB85583}.Debug|Any CPU.ActiveCfg = Debug|Any CPU
		{C0424BAF-A586-4D9D-B628-ED5BCEB85583}.Debug|Any CPU.Build.0 = Debug|Any CPU
		{C0424BAF-A586-4D9D-B628-ED5BCEB85583}.Release|Any CPU.ActiveCfg = Release|Any CPU
		{C0424BAF-A586-4D9D-B628-ED5BCEB85583}.Release|Any CPU.Build.0 = Release|Any CPU
	EndGlobalSection
	GlobalSection(SolutionProperties) = preSolution
		HideSolutionNode = FALSE
	EndGlobalSection
	GlobalSection(ExtensibilityGlobals) = postSolution
		SolutionGuid = {8C083227-BD0A-4366-B54C-0360EB83B03D}
	EndGlobalSection
EndGlobal
